
Microsoft Visual Studio Solution File, Format Version 12.00
# Visual Studio Version 17
VisualStudioVersion = 17.0.31903.59
MinimumVisualStudioVersion = 10.0.40219.1
Project("{2150E333-8FDC-42A3-9474-1A3956D46DE8}") = "src", "src", "{35F1A08D-E575-494B-A1E8-FAE8553D3967}"
EndProject
Project("{FAE04EC0-301F-11D3-BF4B-00C04F79EFBC}") = "TodoApp.Api", "src\TodoApp.Api\TodoApp.Api.csproj", "{A6E6CE3A-B559-4AEA-A2EC-AE647D0E85F9}"
EndProject
Project("{FAE04EC0-301F-11D3-BF4B-00C04F79EFBC}") = "TodoApp.Core", "src\TodoApp.Core\TodoApp.Core.csproj", "{3A946579-9EB4-4090-B897-E34DA7D585B3}"
EndProject
Project("{FAE04EC0-301F-11D3-BF4B-00C04F79EFBC}") = "TodoApp.Infrastructure", "src\TodoApp.Infrastructure\TodoApp.Infrastructure.csproj", "{50339B7A-DC3E-4727-B525-07635B1C180E}"
EndProject
Global
	GlobalSection(SolutionConfigurationPlatforms) = preSolution
		Debug|Any CPU = Debug|Any CPU
		Release|Any CPU = Release|Any CPU
	EndGlobalSection
	GlobalSection(SolutionProperties) = preSolution
		HideSolutionNode = FALSE
	EndGlobalSection
	GlobalSection(ProjectConfigurationPlatforms) = postSolution
		{A6E6CE3A-B559-4AEA-A2EC-AE647D0E85F9}.Debug|Any CPU.ActiveCfg = Debug|Any CPU
		{A6E6CE3A-B559-4AEA-A2EC-AE647D0E85F9}.Debug|Any CPU.Build.0 = Debug|Any CPU
		{A6E6CE3A-B559-4AEA-A2EC-AE647D0E85F9}.Release|Any CPU.ActiveCfg = Release|Any CPU
		{A6E6CE3A-B559-4AEA-A2EC-AE647D0E85F9}.Release|Any CPU.Build.0 = Release|Any CPU
		{3A946579-9EB4-4090-B897-E34DA7D585B3}.Debug|Any CPU.ActiveCfg = Debug|Any CPU
		{3A946579-9EB4-4090-B897-E34DA7D585B3}.Debug|Any CPU.Build.0 = Debug|Any CPU
		{3A946579-9EB4-4090-B897-E34DA7D585B3}.Release|Any CPU.ActiveCfg = Release|Any CPU
		{3A946579-9EB4-4090-B897-E34DA7D585B3}.Release|Any CPU.Build.0 = Release|Any CPU
		{50339B7A-DC3E-4727-B525-07635B1C180E}.Debug|Any CPU.ActiveCfg = Debug|Any CPU
		{50339B7A-DC3E-4727-B525-07635B1C180E}.Debug|Any CPU.Build.0 = Debug|Any CPU
		{50339B7A-DC3E-4727-B525-07635B1C180E}.Release|Any CPU.ActiveCfg = Release|Any CPU
		{50339B7A-DC3E-4727-B525-07635B1C180E}.Release|Any CPU.Build.0 = Release|Any CPU
	EndGlobalSection
	GlobalSection(NestedProjects) = preSolution
		{A6E6CE3A-B559-4AEA-A2EC-AE647D0E85F9} = {35F1A08D-E575-494B-A1E8-FAE8553D3967}
		{3A946579-9EB4-4090-B897-E34DA7D585B3} = {35F1A08D-E575-494B-A1E8-FAE8553D3967}
		{50339B7A-DC3E-4727-B525-07635B1C180E} = {35F1A08D-E575-494B-A1E8-FAE8553D3967}
	EndGlobalSection
EndGlobal
